
Microsoft Visual Studio Solution File, Format Version 12.00
# Visual Studio 15
VisualStudioVersion = 15.0.28010.2016
MinimumVisualStudioVersion = 10.0.40219.1
Project("{FAE04EC0-301F-11D3-BF4B-00C04F79EFBC}") = "osuSkinCustomizer", "osuSkinCustomizer\osuSkinCustomizer.csproj", "{B7A4AD21-3F8C-4F45-8BD2-0415A7C04CE0}"
EndProject
Global
	GlobalSection(SolutionConfigurationPlatforms) = preSolution
		Debug|Any CPU = Debug|Any CPU
		Release|Any CPU = Release|Any CPU
	EndGlobalSection
	GlobalSection(ProjectConfigurationPlatforms) = postSolution
		{B7A4AD21-3F8C-4F45-8BD2-0415A7C04CE0}.Debug|Any CPU.ActiveCfg = Debug|Any CPU
		{B7A4AD21-3F8C-4F45-8BD2-0415A7C04CE0}.Debug|Any CPU.Build.0 = Debug|Any CPU
		{B7A4AD21-3F8C-4F45-8BD2-0415A7C04CE0}.Release|Any CPU.ActiveCfg = Release|Any CPU
		{B7A4AD21-3F8C-4F45-8BD2-0415A7C04CE0}.Release|Any CPU.Build.0 = Release|Any CPU
	EndGlobalSection
	GlobalSection(SolutionProperties) = preSolution
		HideSolutionNode = FALSE
	EndGlobalSection
	GlobalSection(ExtensibilityGlobals) = postSolution
		SolutionGuid = {335CA4B8-266D-4C2A-AD47-0F8728814956}
	EndGlobalSection
EndGlobal
